Microsoft Visual Studio Solution File, Format Version 12.00
# Visual Studio Version 17
VisualStudioVersion = 17.5.2.0
MinimumVisualStudioVersion = 10.0.40219.1
Project("{2150E333-8FDC-42A3-9474-1A3956D46DE8}") = "primer_semestre", "primer_semestre", "{9A2D319C-B7B1-D702-1145-A81244561B32}"
EndProject
Project("{2150E333-8FDC-42A3-9474-1A3956D46DE8}") = "corte-1", "corte-1", "{F5A3FAE6-031A-D441-1C27-F5A8B7F1DA8E}"
EndProject
Project("{2150E333-8FDC-42A3-9474-1A3956D46DE8}") = "03-08-25", "03-08-25", "{D376EFED-F7DD-DDF9-2112-68F13161A17B}"
EndProject
Project("{FAE04EC0-301F-11D3-BF4B-00C04F79EFBC}") = "c#", "primer_semestre\corte-1\03-08-25\c#\c#.csproj", "{20768A21-D640-CF28-A00A-E1F9171BD8C5}"
EndProject
Project("{2150E333-8FDC-42A3-9474-1A3956D46DE8}") = "03-14-25", "03-14-25", "{48CF6712-59B9-C4AB-3B30-6635BE34D4EC}"
EndProject
Project("{FAE04EC0-301F-11D3-BF4B-00C04F79EFBC}") = "c#", "primer_semestre\corte-1\03-14-25\c#\c#.csproj", "{4B45C9CB-52F3-FB65-CC02-58C682F3EE8D}"
EndProject
Project("{2150E333-8FDC-42A3-9474-1A3956D46DE8}") = "corte-2", "corte-2", "{257498BB-C80A-6694-B459-5AE9ABEE5449}"
EndProject
Project("{2150E333-8FDC-42A3-9474-1A3956D46DE8}") = "03-21-25", "03-21-25", "{7DD804E1-6573-F65A-8B03-0BB596ABB2B7}"
EndProject
Project("{FAE04EC0-301F-11D3-BF4B-00C04F79EFBC}") = "c#", "primer_semestre\corte-2\03-21-25\c#\c#.csproj", "{4695955C-4B4C-8F37-B861-F448B0AB75F8}"
EndProject
Project("{2150E333-8FDC-42A3-9474-1A3956D46DE8}") = "03-22-25", "03-22-25", "{28DE2CAD-CE06-CDCA-BAAD-BCA84640039C}"
EndProject
Project("{FAE04EC0-301F-11D3-BF4B-00C04F79EFBC}") = "c#", "primer_semestre\corte-2\03-22-25\c#\c#.csproj", "{0B1D2F05-3EF5-3FF3-CA3F-F0564C0B7EE6}"
EndProject
Project("{2150E333-8FDC-42A3-9474-1A3956D46DE8}") = "03-28-25", "03-28-25", "{D91C078A-0AE4-EBE7-4F0A-962FDE0D3C42}"
EndProject
Project("{FAE04EC0-301F-11D3-BF4B-00C04F79EFBC}") = "c#", "primer_semestre\corte-2\03-28-25\c#\c#.csproj", "{6DB3E2D5-8E24-C19D-59D1-5757D67EBF68}"
EndProject
Project("{2150E333-8FDC-42A3-9474-1A3956D46DE8}") = "04-05-25", "04-05-25", "{D86AADFC-9C69-8370-3B20-666E50790DB2}"
EndProject
Project("{FAE04EC0-301F-11D3-BF4B-00C04F79EFBC}") = "c#", "primer_semestre\corte-2\04-05-25\c#\c#.csproj", "{5E691552-C32A-1C34-B421-4F3A0B76E368}"
EndProject
Global
	GlobalSection(SolutionConfigurationPlatforms) = preSolution
		Debug|Any CPU = Debug|Any CPU
		Release|Any CPU = Release|Any CPU
	EndGlobalSection
	GlobalSection(ProjectConfigurationPlatforms) = postSolution
		{20768A21-D640-CF28-A00A-E1F9171BD8C5}.Debug|Any CPU.ActiveCfg = Debug|Any CPU
		{20768A21-D640-CF28-A00A-E1F9171BD8C5}.Debug|Any CPU.Build.0 = Debug|Any CPU
		{20768A21-D640-CF28-A00A-E1F9171BD8C5}.Release|Any CPU.ActiveCfg = Release|Any CPU
		{20768A21-D640-CF28-A00A-E1F9171BD8C5}.Release|Any CPU.Build.0 = Release|Any CPU
		{4B45C9CB-52F3-FB65-CC02-58C682F3EE8D}.Debug|Any CPU.ActiveCfg = Debug|Any CPU
		{4B45C9CB-52F3-FB65-CC02-58C682F3EE8D}.Debug|Any CPU.Build.0 = Debug|Any CPU
		{4B45C9CB-52F3-FB65-CC02-58C682F3EE8D}.Release|Any CPU.ActiveCfg = Release|Any CPU
		{4B45C9CB-52F3-FB65-CC02-58C682F3EE8D}.Release|Any CPU.Build.0 = Release|Any CPU
		{4695955C-4B4C-8F37-B861-F448B0AB75F8}.Debug|Any CPU.ActiveCfg = Debug|Any CPU
		{4695955C-4B4C-8F37-B861-F448B0AB75F8}.Debug|Any CPU.Build.0 = Debug|Any CPU
		{4695955C-4B4C-8F37-B861-F448B0AB75F8}.Release|Any CPU.ActiveCfg = Release|Any CPU
		{4695955C-4B4C-8F37-B861-F448B0AB75F8}.Release|Any CPU.Build.0 = Release|Any CPU
		{0B1D2F05-3EF5-3FF3-CA3F-F0564C0B7EE6}.Debug|Any CPU.ActiveCfg = Debug|Any CPU
		{0B1D2F05-3EF5-3FF3-CA3F-F0564C0B7EE6}.Debug|Any CPU.Build.0 = Debug|Any CPU
		{0B1D2F05-3EF5-3FF3-CA3F-F0564C0B7EE6}.Release|Any CPU.ActiveCfg = Release|Any CPU
		{0B1D2F05-3EF5-3FF3-CA3F-F0564C0B7EE6}.Release|Any CPU.Build.0 = Release|Any CPU
		{6DB3E2D5-8E24-C19D-59D1-5757D67EBF68}.Debug|Any CPU.ActiveCfg = Debug|Any CPU
		{6DB3E2D5-8E24-C19D-59D1-5757D67EBF68}.Debug|Any CPU.Build.0 = Debug|Any CPU
		{6DB3E2D5-8E24-C19D-59D1-5757D67EBF68}.Release|Any CPU.ActiveCfg = Release|Any CPU
		{6DB3E2D5-8E24-C19D-59D1-5757D67EBF68}.Release|Any CPU.Build.0 = Release|Any CPU
		{5E691552-C32A-1C34-B421-4F3A0B76E368}.Debug|Any CPU.ActiveCfg = Debug|Any CPU
		{5E691552-C32A-1C34-B421-4F3A0B76E368}.Debug|Any CPU.Build.0 = Debug|Any CPU
		{5E691552-C32A-1C34-B421-4F3A0B76E368}.Release|Any CPU.ActiveCfg = Release|Any CPU
		{5E691552-C32A-1C34-B421-4F3A0B76E368}.Release|Any CPU.Build.0 = Release|Any CPU
	EndGlobalSection
	GlobalSection(SolutionProperties) = preSolution
		HideSolutionNode = FALSE
	EndGlobalSection
	GlobalSection(NestedProjects) = preSolution
		{F5A3FAE6-031A-D441-1C27-F5A8B7F1DA8E} = {9A2D319C-B7B1-D702-1145-A81244561B32}
		{D376EFED-F7DD-DDF9-2112-68F13161A17B} = {F5A3FAE6-031A-D441-1C27-F5A8B7F1DA8E}
		{20768A21-D640-CF28-A00A-E1F9171BD8C5} = {D376EFED-F7DD-DDF9-2112-68F13161A17B}
		{48CF6712-59B9-C4AB-3B30-6635BE34D4EC} = {F5A3FAE6-031A-D441-1C27-F5A8B7F1DA8E}
		{4B45C9CB-52F3-FB65-CC02-58C682F3EE8D} = {48CF6712-59B9-C4AB-3B30-6635BE34D4EC}
		{257498BB-C80A-6694-B459-5AE9ABEE5449} = {9A2D319C-B7B1-D702-1145-A81244561B32}
		{7DD804E1-6573-F65A-8B03-0BB596ABB2B7} = {257498BB-C80A-6694-B459-5AE9ABEE5449}
		{4695955C-4B4C-8F37-B861-F448B0AB75F8} = {7DD804E1-6573-F65A-8B03-0BB596ABB2B7}
		{28DE2CAD-CE06-CDCA-BAAD-BCA84640039C} = {257498BB-C80A-6694-B459-5AE9ABEE5449}
		{0B1D2F05-3EF5-3FF3-CA3F-F0564C0B7EE6} = {28DE2CAD-CE06-CDCA-BAAD-BCA84640039C}
		{D91C078A-0AE4-EBE7-4F0A-962FDE0D3C42} = {257498BB-C80A-6694-B459-5AE9ABEE5449}
		{6DB3E2D5-8E24-C19D-59D1-5757D67EBF68} = {D91C078A-0AE4-EBE7-4F0A-962FDE0D3C42}
		{D86AADFC-9C69-8370-3B20-666E50790DB2} = {257498BB-C80A-6694-B459-5AE9ABEE5449}
		{5E691552-C32A-1C34-B421-4F3A0B76E368} = {D86AADFC-9C69-8370-3B20-666E50790DB2}
	EndGlobalSection
	GlobalSection(ExtensibilityGlobals) = postSolution
		SolutionGuid = {15CE9007-AD33-43CD-AD4D-254EFD71B8A1}
	EndGlobalSection
EndGlobal
